
Microsoft Visual Studio Solution File, Format Version 12.00
# Visual Studio Version 17
VisualStudioVersion = 17.12.35707.178 d17.12
MinimumVisualStudioVersion = 10.0.40219.1
Project("{FAE04EC0-301F-11D3-BF4B-00C04F79EFBC}") = "Laboratorio 81", "Laboratorio 81\Laboratorio 81.csproj", "{C7C31B4F-4A3E-4B20-B552-F50FFC11408F}"
EndProject
Project("{FAE04EC0-301F-11D3-BF4B-00C04F79EFBC}") = "Laboratorio 82", "Laboratorio 82\Laboratorio 82.csproj", "{9090EF7C-D4D0-432B-954C-B2497BE774CA}"
EndProject
Project("{FAE04EC0-301F-11D3-BF4B-00C04F79EFBC}") = "Laboratorio 83", "Laboratorio 83\Laboratorio 83.csproj", "{50FA34E3-1BBC-44FE-AEB4-1E8C1BF3A70A}"
EndProject
Project("{FAE04EC0-301F-11D3-BF4B-00C04F79EFBC}") = "Laboratorio 84", "Laboratorio 84\Laboratorio 84.csproj", "{38D2A7BD-B864-4239-B475-1CE07F9E7A7B}"
EndProject
Project("{FAE04EC0-301F-11D3-BF4B-00C04F79EFBC}") = "Laboratorio 85", "Laboratorio 85\Laboratorio 85.csproj", "{7672A28B-5EA2-494D-A38D-E64E87A6E68F}"
EndProject
Project("{FAE04EC0-301F-11D3-BF4B-00C04F79EFBC}") = "Laboratorio 86", "Laboratorio 86\Laboratorio 86.csproj", "{5FF9328A-3B14-478D-8AAC-01B2BE4AA023}"
EndProject
Project("{FAE04EC0-301F-11D3-BF4B-00C04F79EFBC}") = "Laboratorio 87", "Laboratorio 87\Laboratorio 87.csproj", "{6D449297-7422-41B8-8C6E-C2B917AB1241}"
EndProject
Project("{FAE04EC0-301F-11D3-BF4B-00C04F79EFBC}") = "Laboratorio 88", "Laboratorio 88\Laboratorio 88.csproj", "{06063C80-9B2B-4000-9A15-0D6D542DC5E3}"
EndProject
Project("{FAE04EC0-301F-11D3-BF4B-00C04F79EFBC}") = "Laboratorio 89", "Laboratorio 89\Laboratorio 89.csproj", "{0CB2180E-9495-44E3-98D7-D04249D8717B}"
EndProject
Global
	GlobalSection(SolutionConfigurationPlatforms) = preSolution
		Debug|Any CPU = Debug|Any CPU
		Release|Any CPU = Release|Any CPU
	EndGlobalSection
	GlobalSection(ProjectConfigurationPlatforms) = postSolution
		{C7C31B4F-4A3E-4B20-B552-F50FFC11408F}.Debug|Any CPU.ActiveCfg = Debug|Any CPU
		{C7C31B4F-4A3E-4B20-B552-F50FFC11408F}.Debug|Any CPU.Build.0 = Debug|Any CPU
		{C7C31B4F-4A3E-4B20-B552-F50FFC11408F}.Release|Any CPU.ActiveCfg = Release|Any CPU
		{C7C31B4F-4A3E-4B20-B552-F50FFC11408F}.Release|Any CPU.Build.0 = Release|Any CPU
		{9090EF7C-D4D0-432B-954C-B2497BE774CA}.Debug|Any CPU.ActiveCfg = Debug|Any CPU
		{9090EF7C-D4D0-432B-954C-B2497BE774CA}.Debug|Any CPU.Build.0 = Debug|Any CPU
		{9090EF7C-D4D0-432B-954C-B2497BE774CA}.Release|Any CPU.ActiveCfg = Release|Any CPU
		{9090EF7C-D4D0-432B-954C-B2497BE774CA}.Release|Any CPU.Build.0 = Release|Any CPU
		{50FA34E3-1BBC-44FE-AEB4-1E8C1BF3A70A}.Debug|Any CPU.ActiveCfg = Debug|Any CPU
		{50FA34E3-1BBC-44FE-AEB4-1E8C1BF3A70A}.Debug|Any CPU.Build.0 = Debug|Any CPU
		{50FA34E3-1BBC-44FE-AEB4-1E8C1BF3A70A}.Release|Any CPU.ActiveCfg = Release|Any CPU
		{50FA34E3-1BBC-44FE-AEB4-1E8C1BF3A70A}.Release|Any CPU.Build.0 = Release|Any CPU
		{38D2A7BD-B864-4239-B475-1CE07F9E7A7B}.Debug|Any CPU.ActiveCfg = Debug|Any CPU
		{38D2A7BD-B864-4239-B475-1CE07F9E7A7B}.Debug|Any CPU.Build.0 = Debug|Any CPU
		{38D2A7BD-B864-4239-B475-1CE07F9E7A7B}.Release|Any CPU.ActiveCfg = Release|Any CPU
		{38D2A7BD-B864-4239-B475-1CE07F9E7A7B}.Release|Any CPU.Build.0 = Release|Any CPU
		{7672A28B-5EA2-494D-A38D-E64E87A6E68F}.Debug|Any CPU.ActiveCfg = Debug|Any CPU
		{7672A28B-5EA2-494D-A38D-E64E87A6E68F}.Debug|Any CPU.Build.0 = Debug|Any CPU
		{7672A28B-5EA2-494D-A38D-E64E87A6E68F}.Release|Any CPU.ActiveCfg = Release|Any CPU
		{7672A28B-5EA2-494D-A38D-E64E87A6E68F}.Release|Any CPU.Build.0 = Release|Any CPU
		{5FF9328A-3B14-478D-8AAC-01B2BE4AA023}.Debug|Any CPU.ActiveCfg = Debug|Any CPU
		{5FF9328A-3B14-478D-8AAC-01B2BE4AA023}.Debug|Any CPU.Build.0 = Debug|Any CPU
		{5FF9328A-3B14-478D-8AAC-01B2BE4AA023}.Release|Any CPU.ActiveCfg = Release|Any CPU
		{5FF9328A-3B14-478D-8AAC-01B2BE4AA023}.Release|Any CPU.Build.0 = Release|Any CPU
		{6D449297-7422-41B8-8C6E-C2B917AB1241}.Debug|Any CPU.ActiveCfg = Debug|Any CPU
		{6D449297-7422-41B8-8C6E-C2B917AB1241}.Debug|Any CPU.Build.0 = Debug|Any CPU
		{6D449297-7422-41B8-8C6E-C2B917AB1241}.Release|Any CPU.ActiveCfg = Release|Any CPU
		{6D449297-7422-41B8-8C6E-C2B917AB1241}.Release|Any CPU.Build.0 = Release|Any CPU
		{06063C80-9B2B-4000-9A15-0D6D542DC5E3}.Debug|Any CPU.ActiveCfg = Debug|Any CPU
		{06063C80-9B2B-4000-9A15-0D6D542DC5E3}.Debug|Any CPU.Build.0 = Debug|Any CPU
		{06063C80-9B2B-4000-9A15-0D6D542DC5E3}.Release|Any CPU.ActiveCfg = Release|Any CPU
		{06063C80-9B2B-4000-9A15-0D6D542DC5E3}.Release|Any CPU.Build.0 = Release|Any CPU
		{0CB2180E-9495-44E3-98D7-D04249D8717B}.Debug|Any CPU.ActiveCfg = Debug|Any CPU
		{0CB2180E-9495-44E3-98D7-D04249D8717B}.Debug|Any CPU.Build.0 = Debug|Any CPU
		{0CB2180E-9495-44E3-98D7-D04249D8717B}.Release|Any CPU.ActiveCfg = Release|Any CPU
		{0CB2180E-9495-44E3-98D7-D04249D8717B}.Release|Any CPU.Build.0 = Release|Any CPU
	EndGlobalSection
	GlobalSection(SolutionProperties) = preSolution
		HideSolutionNode = FALSE
	EndGlobalSection
EndGlobal
