
Microsoft Visual Studio Solution File, Format Version 12.00
# Visual Studio Version 17
VisualStudioVersion = 17.12.35707.178 d17.12
MinimumVisualStudioVersion = 10.0.40219.1
Project("{FAE04EC0-301F-11D3-BF4B-00C04F79EFBC}") = "Laboratorio 11", "Laboratorio 11\Laboratorio 11.csproj", "{97BAB37A-01E4-4EA2-98CD-F3BF0932B4F2}"
EndProject
Global
	GlobalSection(SolutionConfigurationPlatforms) = preSolution
		Debug|Any CPU = Debug|Any CPU
		Release|Any CPU = Release|Any CPU
	EndGlobalSection
	GlobalSection(ProjectConfigurationPlatforms) = postSolution
		{97BAB37A-01E4-4EA2-98CD-F3BF0932B4F2}.Debug|Any CPU.ActiveCfg = Debug|Any CPU
		{97BAB37A-01E4-4EA2-98CD-F3BF0932B4F2}.Debug|Any CPU.Build.0 = Debug|Any CPU
		{97BAB37A-01E4-4EA2-98CD-F3BF0932B4F2}.Release|Any CPU.ActiveCfg = Release|Any CPU
		{97BAB37A-01E4-4EA2-98CD-F3BF0932B4F2}.Release|Any CPU.Build.0 = Release|Any CPU
	EndGlobalSection
	GlobalSection(SolutionProperties) = preSolution
		HideSolutionNode = FALSE
	EndGlobalSection
EndGlobal
